
Microsoft Visual Studio Solution File, Format Version 12.00
# Visual Studio 2012
Project("{FAE04EC0-301F-11D3-BF4B-00C04F79EFBC}") = "Celulares", "Celulares\Celulares.csproj", "{5AB184E1-5195-4BF7-91CD-F2A014666126}"
EndProject
Project("{FAE04EC0-301F-11D3-BF4B-00C04F79EFBC}") = "Celulares.Tests", "Celulares.Tests\Celulares.Tests.csproj", "{0F235C63-944C-4F1E-94E0-CD9CB9881160}"
EndProject
Global
	GlobalSection(SolutionConfigurationPlatforms) = preSolution
		Debug|Any CPU = Debug|Any CPU
		Release|Any CPU = Release|Any CPU
	EndGlobalSection
	GlobalSection(ProjectConfigurationPlatforms) = postSolution
		{5AB184E1-5195-4BF7-91CD-F2A014666126}.Debug|Any CPU.ActiveCfg = Debug|Any CPU
		{5AB184E1-5195-4BF7-91CD-F2A014666126}.Debug|Any CPU.Build.0 = Debug|Any CPU
		{5AB184E1-5195-4BF7-91CD-F2A014666126}.Release|Any CPU.ActiveCfg = Release|Any CPU
		{5AB184E1-5195-4BF7-91CD-F2A014666126}.Release|Any CPU.Build.0 = Release|Any CPU
		{0F235C63-944C-4F1E-94E0-CD9CB9881160}.Debug|Any CPU.ActiveCfg = Debug|Any CPU
		{0F235C63-944C-4F1E-94E0-CD9CB9881160}.Debug|Any CPU.Build.0 = Debug|Any CPU
		{0F235C63-944C-4F1E-94E0-CD9CB9881160}.Release|Any CPU.ActiveCfg = Release|Any CPU
		{0F235C63-944C-4F1E-94E0-CD9CB9881160}.Release|Any CPU.Build.0 = Release|Any CPU
	EndGlobalSection
	GlobalSection(SolutionProperties) = preSolution
		HideSolutionNode = FALSE
	EndGlobalSection
EndGlobal
